// !$*UTF8*$!
{
	archiveVersion = 1;
	classes = {
	};
	objectVersion = 50;
	objects = {

/* Begin PBXBuildFile section */
		6340579B24E2211B0020964B /* AppDelegate.swift in Sources */ = {isa = PBXBuildFile; fileRef = 6340579A24E2211B0020964B /* AppDelegate.swift */; };
		6340579D24E2211B0020964B /* SceneDelegate.swift in Sources */ = {isa = PBXBuildFile; fileRef = 6340579C24E2211B0020964B /* SceneDelegate.swift */; };
		6340579F24E2211B0020964B /* ContentView.swift in Sources */ = {isa = PBXBuildFile; fileRef = 6340579E24E2211B0020964B /* ContentView.swift */; };
		634057A124E2211E0020964B /* Assets.xcassets in Resources */ = {isa = PBXBuildFile; fileRef = 634057A024E2211E0020964B /* Assets.xcassets */; };
		634057A424E2211E0020964B /* Preview Assets.xcassets in Resources */ = {isa = PBXBuildFile; fileRef = 634057A324E2211E0020964B /* Preview Assets.xcassets */; };
		634057A724E2211E0020964B /* LaunchScreen.storyboard in Resources */ = {isa = PBXBuildFile; fileRef = 634057A524E2211E0020964B /* LaunchScreen.storyboard */; };
		634057AF24E2213F0020964B /* Pokemon.swift in Sources */ = {isa = PBXBuildFile; fileRef = 634057AE24E2213F0020964B /* Pokemon.swift */; };
		634057B324E2247A0020964B /* pokedex.json in Resources */ = {isa = PBXBuildFile; fileRef = 634057B224E2247A0020964B /* pokedex.json */; };
		634057B524E23A880020964B /* PokemonRow.swift in Sources */ = {isa = PBXBuildFile; fileRef = 634057B424E23A880020964B /* PokemonRow.swift */; };
/* End PBXBuildFile section */

/* Begin PBXFileReference section */
		6340579724E2211B0020964B /* GoRaid.app */ = {isa = PBXFileReference; explicitFileType = wrapper.application; includeInIndex = 0; path = GoRaid.app; sourceTree = BUILT_PRODUCTS_DIR; };
		6340579A24E2211B0020964B /* AppDelegate.swift */ = {isa = PBXFileReference; lastKnownFileType = sourcecode.swift; path = AppDelegate.swift; sourceTree = "<group>"; };
		6340579C24E2211B0020964B /* SceneDelegate.swift */ = {isa = PBXFileReference; lastKnownFileType = sourcecode.swift; path = SceneDelegate.swift; sourceTree = "<group>"; };
		6340579E24E2211B0020964B /* ContentView.swift */ = {isa = PBXFileReference; lastKnownFileType = sourcecode.swift; path = ContentView.swift; sourceTree = "<group>"; };
		634057A024E2211E0020964B /* Assets.xcassets */ = {isa = PBXFileReference; lastKnownFileType = folder.assetcatalog; path = Assets.xcassets; sourceTree = "<group>"; };
		634057A324E2211E0020964B /* Preview Assets.xcassets */ = {isa = PBXFileReference; lastKnownFileType = folder.assetcatalog; path = "Preview Assets.xcassets"; sourceTree = "<group>"; };
		634057A624E2211E0020964B /* Base */ = {isa = PBXFileReference; lastKnownFileType = file.storyboard; name = Base; path = Base.lproj/LaunchScreen.storyboard; sourceTree = "<group>"; };
		634057A824E2211E0020964B /* Info.plist */ = {isa = PBXFileReference; lastKnownFileType = text.plist.xml; path = Info.plist; sourceTree = "<group>"; };
		634057AE24E2213F0020964B /* Pokemon.swift */ = {isa = PBXFileReference; lastKnownFileType = sourcecode.swift; path = Pokemon.swift; sourceTree = "<group>"; };
		634057B224E2247A0020964B /* pokedex.json */ = {isa = PBXFileReference; fileEncoding = 4; lastKnownFileType = text.json; path = pokedex.json; sourceTree = "<group>"; };
		634057B424E23A880020964B /* PokemonRow.swift */ = {isa = PBXFileReference; lastKnownFileType = sourcecode.swift; path = PokemonRow.swift; sourceTree = "<group>"; };
/* End PBXFileReference section */

/* Begin PBXFrameworksBuildPhase section */
		6340579424E2211B0020964B /* Frameworks */ = {
			isa = PBXFrameworksBuildPhase;
			buildActionMask = 2147483647;
			files = (
			);
			runOnlyForDeploymentPostprocessing = 0;
		};
/* End PBXFrameworksBuildPhase section */

/* Begin PBXGroup section */
		6340578E24E2211B0020964B = {
			isa = PBXGroup;
			children = (
				6340579924E2211B0020964B /* GoRaid */,
				6340579824E2211B0020964B /* Products */,
			);
			sourceTree = "<group>";
		};
		6340579824E2211B0020964B /* Products */ = {
			isa = PBXGroup;
			children = (
				6340579724E2211B0020964B /* GoRaid.app */,
			);
			name = Products;
			sourceTree = "<group>";
		};
		6340579924E2211B0020964B /* GoRaid */ = {
			isa = PBXGroup;
			children = (
				634057AE24E2213F0020964B /* Pokemon.swift */,
				6340579A24E2211B0020964B /* AppDelegate.swift */,
				634057B124E2246F0020964B /* Resources */,
				6340579C24E2211B0020964B /* SceneDelegate.swift */,
				634057B624E250AC0020964B /* Views */,
				634057A024E2211E0020964B /* Assets.xcassets */,
				634057A524E2211E0020964B /* LaunchScreen.storyboard */,
				634057A824E2211E0020964B /* Info.plist */,
				634057A224E2211E0020964B /* Preview Content */,
			);
			path = GoRaid;
			sourceTree = "<group>";
		};
		634057A224E2211E0020964B /* Preview Content */ = {
			isa = PBXGroup;
			children = (
				634057A324E2211E0020964B /* Preview Assets.xcassets */,
			);
			path = "Preview Content";
			sourceTree = "<group>";
		};
		634057B124E2246F0020964B /* Resources */ = {
			isa = PBXGroup;
			children = (
				634057B224E2247A0020964B /* pokedex.json */,
			);
			path = Resources;
			sourceTree = "<group>";
		};
		634057B624E250AC0020964B /* Views */ = {
			isa = PBXGroup;
			children = (
				6340579E24E2211B0020964B /* ContentView.swift */,
				634057B424E23A880020964B /* PokemonRow.swift */,
			);
			path = Views;
			sourceTree = "<group>";
		};
/* End PBXGroup section */

/* Begin PBXNativeTarget section */
		6340579624E2211B0020964B /* GoRaid */ = {
			isa = PBXNativeTarget;
			buildConfigurationList = 634057AB24E2211E0020964B /* Build configuration list for PBXNativeTarget "GoRaid" */;
			buildPhases = (
				6340579324E2211B0020964B /* Sources */,
				6340579424E2211B0020964B /* Frameworks */,
				6340579524E2211B0020964B /* Resources */,
			);
			buildRules = (
			);
			dependencies = (
			);
			name = GoRaid;
			productName = GoRaid;
			productReference = 6340579724E2211B0020964B /* GoRaid.app */;
			productType = "com.apple.product-type.application";
		};
/* End PBXNativeTarget section */

/* Begin PBXProject section */
		6340578F24E2211B0020964B /* Project object */ = {
			isa = PBXProject;
			attributes = {
				LastSwiftUpdateCheck = 1160;
				LastUpgradeCheck = 1160;
				ORGANIZATIONNAME = AcroMace;
				TargetAttributes = {
					6340579624E2211B0020964B = {
						CreatedOnToolsVersion = 11.6;
					};
				};
			};
			buildConfigurationList = 6340579224E2211B0020964B /* Build configuration list for PBXProject "GoRaid" */;
			compatibilityVersion = "Xcode 9.3";
			developmentRegion = en;
			hasScannedForEncodings = 0;
			knownRegions = (
				en,
				Base,
			);
			mainGroup = 6340578E24E2211B0020964B;
			productRefGroup = 6340579824E2211B0020964B /* Products */;
			projectDirPath = "";
			projectRoot = "";
			targets = (
				6340579624E2211B0020964B /* GoRaid */,
			);
		};
/* End PBXProject section */

/* Begin PBXResourcesBuildPhase section */
		6340579524E2211B0020964B /* Resources */ = {
			isa = PBXResourcesBuildPhase;
			buildActionMask = 2147483647;
			files = (
				634057B324E2247A0020964B /* pokedex.json in Resources */,
				634057A724E2211E0020964B /* LaunchScreen.storyboard in Resources */,
				634057A424E2211E0020964B /* Preview Assets.xcassets in Resources */,
				634057A124E2211E0020964B /* Assets.xcassets in Resources */,
			);
			runOnlyForDeploymentPostprocessing = 0;
		};
/* End PBXResourcesBuildPhase section */

/* Begin PBXSourcesBuildPhase section */
		6340579324E2211B0020964B /* Sources */ = {
			isa = PBXSourcesBuildPhase;
			buildActionMask = 2147483647;
			files = (
				6340579B24E2211B0020964B /* AppDelegate.swift in Sources */,
				634057B524E23A880020964B /* PokemonRow.swift in Sources */,
				634057AF24E2213F0020964B /* Pokemon.swift in Sources */,
				6340579D24E2211B0020964B /* SceneDelegate.swift in Sources */,
				6340579F24E2211B0020964B /* ContentView.swift in Sources */,
			);
			runOnlyForDeploymentPostprocessing = 0;
		};
/* End PBXSourcesBuildPhase section */

/* Begin PBXVariantGroup section */
		634057A524E2211E0020964B /* LaunchScreen.storyboard */ = {
			isa = PBXVariantGroup;
			children = (
				634057A624E2211E0020964B /* Base */,
			);
			name = LaunchScreen.storyboard;
			sourceTree = "<group>";
		};
/* End PBXVariantGroup section */

/* Begin XCBuildConfiguration section */
		634057A924E2211E0020964B /* Debug */ = {
			isa = XCBuildConfiguration;
			buildSettings = {
				ALWAYS_SEARCH_USER_PATHS = NO;
				CLANG_ANALYZER_NONNULL = YES;
				CLANG_ANALYZER_NUMBER_OBJECT_CONVERSION = YES_AGGRESSIVE;
				CLANG_CXX_LANGUAGE_STANDARD = "gnu++14";
				CLANG_CXX_LIBRARY = "libc++";
				CLANG_ENABLE_MODULES = YES;
				CLANG_ENABLE_OBJC_ARC = YES;
				CLANG_ENABLE_OBJC_WEAK = YES;
				CLANG_WARN_BLOCK_CAPTURE_AUTORELEASING = YES;
				CLANG_WARN_BOOL_CONVERSION = YES;
				CLANG_WARN_COMMA = YES;
				CLANG_WARN_CONSTANT_CONVERSION = YES;
				CLANG_WARN_DEPRECATED_OBJC_IMPLEMENTATIONS = YES;
				CLANG_WARN_DIRECT_OBJC_ISA_USAGE = YES_ERROR;
				CLANG_WARN_DOCUMENTATION_COMMENTS = YES;
				CLANG_WARN_EMPTY_BODY = YES;
				CLANG_WARN_ENUM_CONVERSION = YES;
				CLANG_WARN_INFINITE_RECURSION = YES;
				CLANG_WARN_INT_CONVERSION = YES;
				CLANG_WARN_NON_LITERAL_NULL_CONVERSION = YES;
				CLANG_WARN_OBJC_IMPLICIT_RETAIN_SELF = YES;
				CLANG_WARN_OBJC_LITERAL_CONVERSION = YES;
				CLANG_WARN_OBJC_ROOT_CLASS = YES_ERROR;
				CLANG_WARN_RANGE_LOOP_ANALYSIS = YES;
				CLANG_WARN_STRICT_PROTOTYPES = YES;
				CLANG_WARN_SUSPICIOUS_MOVE = YES;
				CLANG_WARN_UNGUARDED_AVAILABILITY = YES_AGGRESSIVE;
				CLANG_WARN_UNREACHABLE_CODE = YES;
				CLANG_WARN__DUPLICATE_METHOD_MATCH = YES;
				COPY_PHASE_STRIP = NO;
				DEBUG_INFORMATION_FORMAT = dwarf;
				ENABLE_STRICT_OBJC_MSGSEND = YES;
				ENABLE_TESTABILITY = YES;
				GCC_C_LANGUAGE_STANDARD = gnu11;
				GCC_DYNAMIC_NO_PIC = NO;
				GCC_NO_COMMON_BLOCKS = YES;
				GCC_OPTIMIZATION_LEVEL = 0;
				GCC_PREPROCESSOR_DEFINITIONS = (
					"DEBUG=1",
					"$(inherited)",
				);
				GCC_WARN_64_TO_32_BIT_CONVERSION = YES;
				GCC_WARN_ABOUT_RETURN_TYPE = YES_ERROR;
				GCC_WARN_UNDECLARED_SELECTOR = YES;
				GCC_WARN_UNINITIALIZED_AUTOS = YES_AGGRESSIVE;
				GCC_WARN_UNUSED_FUNCTION = YES;
				GCC_WARN_UNUSED_VARIABLE = YES;
				IPHONEOS_DEPLOYMENT_TARGET = 13.6;
				MTL_ENABLE_DEBUG_INFO = INCLUDE_SOURCE;
				MTL_FAST_MATH = YES;
				ONLY_ACTIVE_ARCH = YES;
				SDKROOT = iphoneos;
				SWIFT_ACTIVE_COMPILATION_CONDITIONS = DEBUG;
				SWIFT_OPTIMIZATION_LEVEL = "-Onone";
			};
			name = Debug;
		};
		634057AA24E2211E0020964B /* Release */ = {
			isa = XCBuildConfiguration;
			buildSettings = {
				ALWAYS_SEARCH_USER_PATHS = NO;
				CLANG_ANALYZER_NONNULL = YES;
				CLANG_ANALYZER_NUMBER_OBJECT_CONVERSION = YES_AGGRESSIVE;
				CLANG_CXX_LANGUAGE_STANDARD = "gnu++14";
				CLANG_CXX_LIBRARY = "libc++";
				CLANG_ENABLE_MODULES = YES;
				CLANG_ENABLE_OBJC_ARC = YES;
				CLANG_ENABLE_OBJC_WEAK = YES;
				CLANG_WARN_BLOCK_CAPTURE_AUTORELEASING = YES;
				CLANG_WARN_BOOL_CONVERSION = YES;
				CLANG_WARN_COMMA = YES;
				CLANG_WARN_CONSTANT_CONVERSION = YES;
				CLANG_WARN_DEPRECATED_OBJC_IMPLEMENTATIONS = YES;
				CLANG_WARN_DIRECT_OBJC_ISA_USAGE = YES_ERROR;
				CLANG_WARN_DOCUMENTATION_COMMENTS = YES;
				CLANG_WARN_EMPTY_BODY = YES;
				CLANG_WARN_ENUM_CONVERSION = YES;
				CLANG_WARN_INFINITE_RECURSION = YES;
				CLANG_WARN_INT_CONVERSION = YES;
				CLANG_WARN_NON_LITERAL_NULL_CONVERSION = YES;
				CLANG_WARN_OBJC_IMPLICIT_RETAIN_SELF = YES;
				CLANG_WARN_OBJC_LITERAL_CONVERSION = YES;
				CLANG_WARN_OBJC_ROOT_CLASS = YES_ERROR;
				CLANG_WARN_RANGE_LOOP_ANALYSIS = YES;
				CLANG_WARN_STRICT_PROTOTYPES = YES;
				CLANG_WARN_SUSPICIOUS_MOVE = YES;
				CLANG_WARN_UNGUARDED_AVAILABILITY = YES_AGGRESSIVE;
				CLANG_WARN_UNREACHABLE_CODE = YES;
				CLANG_WARN__DUPLICATE_METHOD_MATCH = YES;
				COPY_PHASE_STRIP = NO;
				DEBUG_INFORMATION_FORMAT = "dwarf-with-dsym";
				ENABLE_NS_ASSERTIONS = NO;
				ENABLE_STRICT_OBJC_MSGSEND = YES;
				GCC_C_LANGUAGE_STANDARD = gnu11;
				GCC_NO_COMMON_BLOCKS = YES;
				GCC_WARN_64_TO_32_BIT_CONVERSION = YES;
				GCC_WARN_ABOUT_RETURN_TYPE = YES_ERROR;
				GCC_WARN_UNDECLARED_SELECTOR = YES;
				GCC_WARN_UNINITIALIZED_AUTOS = YES_AGGRESSIVE;
				GCC_WARN_UNUSED_FUNCTION = YES;
				GCC_WARN_UNUSED_VARIABLE = YES;
				IPHONEOS_DEPLOYMENT_TARGET = 13.6;
				MTL_ENABLE_DEBUG_INFO = NO;
				MTL_FAST_MATH = YES;
				SDKROOT = iphoneos;
				SWIFT_COMPILATION_MODE = wholemodule;
				SWIFT_OPTIMIZATION_LEVEL = "-O";
				VALIDATE_PRODUCT = YES;
			};
			name = Release;
		};
		634057AC24E2211E0020964B /* Debug */ = {
			isa = XCBuildConfiguration;
			buildSettings = {
				ASSETCATALOG_COMPILER_APPICON_NAME = AppIcon;
				CODE_SIGN_STYLE = Automatic;
				DEVELOPMENT_ASSET_PATHS = "\"GoRaid/Preview Content\"";
				DEVELOPMENT_TEAM = N92XZM98NX;
				ENABLE_PREVIEWS = YES;
				INFOPLIST_FILE = GoRaid/Info.plist;
				LD_RUNPATH_SEARCH_PATHS = (
					"$(inherited)",
					"@executable_path/Frameworks",
				);
				PRODUCT_BUNDLE_IDENTIFIER = com.acromace.GoRaid;
				PRODUCT_NAME = "$(TARGET_NAME)";
				SWIFT_VERSION = 5.0;
				TARGETED_DEVICE_FAMILY = "1,2";
			};
			name = Debug;
		};
		634057AD24E2211E0020964B /* Release */ = {
			isa = XCBuildConfiguration;
			buildSettings = {
				ASSETCATALOG_COMPILER_APPICON_NAME = AppIcon;
				CODE_SIGN_STYLE = Automatic;
				DEVELOPMENT_ASSET_PATHS = "\"GoRaid/Preview Content\"";
				DEVELOPMENT_TEAM = N92XZM98NX;
				ENABLE_PREVIEWS = YES;
				INFOPLIST_FILE = GoRaid/Info.plist;
				LD_RUNPATH_SEARCH_PATHS = (
					"$(inherited)",
					"@executable_path/Frameworks",
				);
				PRODUCT_BUNDLE_IDENTIFIER = com.acromace.GoRaid;
				PRODUCT_NAME = "$(TARGET_NAME)";
				SWIFT_VERSION = 5.0;
				TARGETED_DEVICE_FAMILY = "1,2";
			};
			name = Release;
		};
/* End XCBuildConfiguration section */

/* Begin XCConfigurationList section */
		6340579224E2211B0020964B /* Build configuration list for PBXProject "GoRaid" */ = {
			isa = XCConfigurationList;
			buildConfigurations = (
				634057A924E2211E0020964B /* Debug */,
				634057AA24E2211E0020964B /* Release */,
			);
			defaultConfigurationIsVisible = 0;
			defaultConfigurationName = Release;
		};
		634057AB24E2211E0020964B /* Build configuration list for PBXNativeTarget "GoRaid" */ = {
			isa = XCConfigurationList;
			buildConfigurations = (
				634057AC24E2211E0020964B /* Debug */,
				634057AD24E2211E0020964B /* Release */,
			);
			defaultConfigurationIsVisible = 0;
			defaultConfigurationName = Release;
		};
/* End XCConfigurationList section */
	};
	rootObject = 6340578F24E2211B0020964B /* Project object */;
}
